
Microsoft Visual Studio Solution File, Format Version 12.00
# Visual Studio 2013
VisualStudioVersion = 12.0.21005.1
MinimumVisualStudioVersion = 10.0.40219.1
Project("{FAE04EC0-301F-11D3-BF4B-00C04F79EFBC}") = "BigMill", "BigMill\BigMill.csproj", "{F73E75E5-3C37-436B-9A69-C115D410F903}"
EndProject
Project("{FAE04EC0-301F-11D3-BF4B-00C04F79EFBC}") = "BigMill.Tests", "BigMill.Tests\BigMill.Tests.csproj", "{428EF16E-5775-47A9-80D2-07047A87AD41}"
EndProject
Project("{FAE04EC0-301F-11D3-BF4B-00C04F79EFBC}") = "Samna", "Samna\Samna.csproj", "{A641436B-F95B-4B5F-A33D-60ED7AC9875A}"
EndProject
Global
	GlobalSection(TeamFoundationVersionControl) = preSolution
		SccNumberOfProjects = 4
		SccEnterpriseProvider = {4CA58AB2-18FA-4F8D-95D4-32DDF27D184C}
		SccTeamFoundationServer = https://bigmill.visualstudio.com/
		SccLocalPath0 = .
		SccProjectUniqueName1 = BigMill\\BigMill.csproj
		SccProjectName1 = BigMill
		SccLocalPath1 = BigMill
		SccProjectUniqueName2 = BigMill.Tests\\BigMill.Tests.csproj
		SccProjectName2 = BigMill.Tests
		SccLocalPath2 = BigMill.Tests
		SccProjectUniqueName3 = Samna\\Samna.csproj
		SccProjectName3 = Samna
		SccLocalPath3 = Samna
	EndGlobalSection
	GlobalSection(SolutionConfigurationPlatforms) = preSolution
		Debug|Any CPU = Debug|Any CPU
		Release|Any CPU = Release|Any CPU
	EndGlobalSection
	GlobalSection(ProjectConfigurationPlatforms) = postSolution
		{F73E75E5-3C37-436B-9A69-C115D410F903}.Debug|Any CPU.ActiveCfg = Debug|Any CPU
		{F73E75E5-3C37-436B-9A69-C115D410F903}.Debug|Any CPU.Build.0 = Debug|Any CPU
		{F73E75E5-3C37-436B-9A69-C115D410F903}.Release|Any CPU.ActiveCfg = Release|Any CPU
		{F73E75E5-3C37-436B-9A69-C115D410F903}.Release|Any CPU.Build.0 = Release|Any CPU
		{428EF16E-5775-47A9-80D2-07047A87AD41}.Debug|Any CPU.ActiveCfg = Debug|Any CPU
		{428EF16E-5775-47A9-80D2-07047A87AD41}.Debug|Any CPU.Build.0 = Debug|Any CPU
		{428EF16E-5775-47A9-80D2-07047A87AD41}.Release|Any CPU.ActiveCfg = Release|Any CPU
		{428EF16E-5775-47A9-80D2-07047A87AD41}.Release|Any CPU.Build.0 = Release|Any CPU
		{A641436B-F95B-4B5F-A33D-60ED7AC9875A}.Debug|Any CPU.ActiveCfg = Debug|Any CPU
		{A641436B-F95B-4B5F-A33D-60ED7AC9875A}.Debug|Any CPU.Build.0 = Debug|Any CPU
		{A641436B-F95B-4B5F-A33D-60ED7AC9875A}.Release|Any CPU.ActiveCfg = Release|Any CPU
		{A641436B-F95B-4B5F-A33D-60ED7AC9875A}.Release|Any CPU.Build.0 = Release|Any CPU
	EndGlobalSection
	GlobalSection(SolutionProperties) = preSolution
		HideSolutionNode = FALSE
	EndGlobalSection
EndGlobal
